
Microsoft Visual Studio Solution File, Format Version 12.00
# Visual Studio Version 17
VisualStudioVersion = 17.0.31903.59
MinimumVisualStudioVersion = 10.0.40219.1
Project("{2150E333-8FDC-42A3-9474-1A3956D46DE8}") = "src", "src", "{33D1371D-5E3F-4364-902B-359E795314B0}"
EndProject
Project("{FAE04EC0-301F-11D3-BF4B-00C04F79EFBC}") = "Caching.Core", "src\Caching.Core\Caching.Core.csproj", "{F8A3BA41-4CDD-47C4-ABEB-CE21E22319AF}"
EndProject
Project("{2150E333-8FDC-42A3-9474-1A3956D46DE8}") = "tests", "tests", "{A5B7C222-15C4-4DB1-B607-C26259702993}"
EndProject
Project("{FAE04EC0-301F-11D3-BF4B-00C04F79EFBC}") = "Caching.Tests", "tests\Caching.Tests\Caching.Tests.csproj", "{0F277CB2-6013-433F-A2F5-6015D65C8A48}"
EndProject
Global
	GlobalSection(SolutionConfigurationPlatforms) = preSolution
		Debug|Any CPU = Debug|Any CPU
		Release|Any CPU = Release|Any CPU
	EndGlobalSection
	GlobalSection(SolutionProperties) = preSolution
		HideSolutionNode = FALSE
	EndGlobalSection
	GlobalSection(ProjectConfigurationPlatforms) = postSolution
		{F8A3BA41-4CDD-47C4-ABEB-CE21E22319AF}.Debug|Any CPU.ActiveCfg = Debug|Any CPU
		{F8A3BA41-4CDD-47C4-ABEB-CE21E22319AF}.Debug|Any CPU.Build.0 = Debug|Any CPU
		{F8A3BA41-4CDD-47C4-ABEB-CE21E22319AF}.Release|Any CPU.ActiveCfg = Release|Any CPU
		{F8A3BA41-4CDD-47C4-ABEB-CE21E22319AF}.Release|Any CPU.Build.0 = Release|Any CPU
		{0F277CB2-6013-433F-A2F5-6015D65C8A48}.Debug|Any CPU.ActiveCfg = Debug|Any CPU
		{0F277CB2-6013-433F-A2F5-6015D65C8A48}.Debug|Any CPU.Build.0 = Debug|Any CPU
		{0F277CB2-6013-433F-A2F5-6015D65C8A48}.Release|Any CPU.ActiveCfg = Release|Any CPU
		{0F277CB2-6013-433F-A2F5-6015D65C8A48}.Release|Any CPU.Build.0 = Release|Any CPU
	EndGlobalSection
	GlobalSection(NestedProjects) = preSolution
		{F8A3BA41-4CDD-47C4-ABEB-CE21E22319AF} = {33D1371D-5E3F-4364-902B-359E795314B0}
		{0F277CB2-6013-433F-A2F5-6015D65C8A48} = {A5B7C222-15C4-4DB1-B607-C26259702993}
	EndGlobalSection
EndGlobal
